Microsoft Visual Studio Solution File, Format Version 12.00
# Visual Studio Version 17
VisualStudioVersion = 17.5.2.0
MinimumVisualStudioVersion = 10.0.40219.1
Project("{FAE04EC0-301F-11D3-BF4B-00C04F79EFBC}") = "BaseAPI", "BaseAPI.csproj", "{250A098A-D9A5-C47B-9DBB-6CA037A42174}"
EndProject
Global
	GlobalSection(SolutionConfigurationPlatforms) = preSolution
		Debug|Any CPU = Debug|Any CPU
		Release|Any CPU = Release|Any CPU
	EndGlobalSection
	GlobalSection(ProjectConfigurationPlatforms) = postSolution
		{250A098A-D9A5-C47B-9DBB-6CA037A42174}.Debug|Any CPU.ActiveCfg = Debug|Any CPU
		{250A098A-D9A5-C47B-9DBB-6CA037A42174}.Debug|Any CPU.Build.0 = Debug|Any CPU
		{250A098A-D9A5-C47B-9DBB-6CA037A42174}.Release|Any CPU.ActiveCfg = Release|Any CPU
		{250A098A-D9A5-C47B-9DBB-6CA037A42174}.Release|Any CPU.Build.0 = Release|Any CPU
	EndGlobalSection
	GlobalSection(SolutionProperties) = preSolution
		HideSolutionNode = FALSE
	EndGlobalSection
	GlobalSection(ExtensibilityGlobals) = postSolution
		SolutionGuid = {90F03DF6-204A-43BB-A175-F2A2E083A84F}
	EndGlobalSection
EndGlobal
